// !$*UTF8*$!
{
	archiveVersion = 1;
	classes = {
	};
	objectVersion = 56;
	objects = {

/* Begin PBXBuildFile section */
		10502CBD2A49669A009DA9E7 /* GFG_ChallengeApp.swift in Sources */ = {isa = PBXBuildFile; fileRef = 10502CBC2A49669A009DA9E7 /* GFG_ChallengeApp.swift */; };
		10502CC12A49669B009DA9E7 /* Assets.xcassets in Resources */ = {isa = PBXBuildFile; fileRef = 10502CC02A49669B009DA9E7 /* Assets.xcassets */; };
		10502CC42A49669B009DA9E7 /* Preview Assets.xcassets in Resources */ = {isa = PBXBuildFile; fileRef = 10502CC32A49669B009DA9E7 /* Preview Assets.xcassets */; };
		10502CCE2A49669C009DA9E7 /* GFG_ChallengeTests.swift in Sources */ = {isa = PBXBuildFile; fileRef = 10502CCD2A49669C009DA9E7 /* GFG_ChallengeTests.swift */; };
		10502CD82A49669C009DA9E7 /* GFG_ChallengeUITests.swift in Sources */ = {isa = PBXBuildFile; fileRef = 10502CD72A49669C009DA9E7 /* GFG_ChallengeUITests.swift */; };
		10502CDA2A49669C009DA9E7 /* GFG_ChallengeUITestsLaunchTests.swift in Sources */ = {isa = PBXBuildFile; fileRef = 10502CD92A49669C009DA9E7 /* GFG_ChallengeUITestsLaunchTests.swift */; };
		10502CED2A497ED1009DA9E7 /* ArticlesFeedView.swift in Sources */ = {isa = PBXBuildFile; fileRef = 10502CEC2A497ED1009DA9E7 /* ArticlesFeedView.swift */; };
		10502CEF2A49815D009DA9E7 /* Constants.swift in Sources */ = {isa = PBXBuildFile; fileRef = 10502CEE2A49815D009DA9E7 /* Constants.swift */; };
		10502D0C2A4984D2009DA9E7 /* RobotoCondensed-Bold.ttf in Resources */ = {isa = PBXBuildFile; fileRef = 10502D062A498305009DA9E7 /* RobotoCondensed-Bold.ttf */; };
		10502D0D2A4984D2009DA9E7 /* RobotoCondensed-BoldItalic.ttf in Resources */ = {isa = PBXBuildFile; fileRef = 10502D092A498305009DA9E7 /* RobotoCondensed-BoldItalic.ttf */; };
		10502D0E2A4984D2009DA9E7 /* RobotoCondensed-Italic.ttf in Resources */ = {isa = PBXBuildFile; fileRef = 10502D0A2A498305009DA9E7 /* RobotoCondensed-Italic.ttf */; };
		10502D0F2A4984D2009DA9E7 /* RobotoCondensed-Light.ttf in Resources */ = {isa = PBXBuildFile; fileRef = 10502D082A498305009DA9E7 /* RobotoCondensed-Light.ttf */; };
		10502D102A4984D2009DA9E7 /* RobotoCondensed-Regular.ttf in Resources */ = {isa = PBXBuildFile; fileRef = 10502D052A498305009DA9E7 /* RobotoCondensed-Regular.ttf */; };
		10502D112A4984D2009DA9E7 /* Poppins-Bold.ttf in Resources */ = {isa = PBXBuildFile; fileRef = 10502CFD2A4982C8009DA9E7 /* Poppins-Bold.ttf */; };
		10502D122A4984D2009DA9E7 /* Poppins-BoldItalic.ttf in Resources */ = {isa = PBXBuildFile; fileRef = 10502CF52A4982C8009DA9E7 /* Poppins-BoldItalic.ttf */; };
		10502D132A4984D2009DA9E7 /* Poppins-Italic.ttf in Resources */ = {isa = PBXBuildFile; fileRef = 10502CF82A4982C8009DA9E7 /* Poppins-Italic.ttf */; };
		10502D142A4984D2009DA9E7 /* Poppins-Regular.ttf in Resources */ = {isa = PBXBuildFile; fileRef = 10502CF92A4982C8009DA9E7 /* Poppins-Regular.ttf */; };
		10502D152A4984D2009DA9E7 /* Poppins-Thin.ttf in Resources */ = {isa = PBXBuildFile; fileRef = 10502CFE2A4982C8009DA9E7 /* Poppins-Thin.ttf */; };
		10502D162A4984D2009DA9E7 /* Poppins-ThinItalic.ttf in Resources */ = {isa = PBXBuildFile; fileRef = 10502CF22A4982C7009DA9E7 /* Poppins-ThinItalic.ttf */; };
		10502D1B2A498724009DA9E7 /* PostCardView.swift in Sources */ = {isa = PBXBuildFile; fileRef = 10502D1A2A498724009DA9E7 /* PostCardView.swift */; };
		10502D1F2A498876009DA9E7 /* PostCardViewModel.swift in Sources */ = {isa = PBXBuildFile; fileRef = 10502D1E2A498876009DA9E7 /* PostCardViewModel.swift */; };
		10502D222A498904009DA9E7 /* ArticleModel.swift in Sources */ = {isa = PBXBuildFile; fileRef = 10502D212A498904009DA9E7 /* ArticleModel.swift */; };
		10502D292A4993BD009DA9E7 /* ArticleFeedViewModel.swift in Sources */ = {isa = PBXBuildFile; fileRef = 10502D282A4993BD009DA9E7 /* ArticleFeedViewModel.swift */; };
		10502D2C2A49C633009DA9E7 /* SampleData.swift in Sources */ = {isa = PBXBuildFile; fileRef = 10502D2B2A49C633009DA9E7 /* SampleData.swift */; };
		10502D2F2A49CEE0009DA9E7 /* Kingfisher in Frameworks */ = {isa = PBXBuildFile; productRef = 10502D2E2A49CEE0009DA9E7 /* Kingfisher */; };
		10502D322A49DF4F009DA9E7 /* DateExtensions.swift in Sources */ = {isa = PBXBuildFile; fileRef = 10502D312A49DF4F009DA9E7 /* DateExtensions.swift */; };
		10502D342A49EC87009DA9E7 /* ArticleFeedModel.swift in Sources */ = {isa = PBXBuildFile; fileRef = 10502D332A49EC87009DA9E7 /* ArticleFeedModel.swift */; };
		10502D362A49FFAE009DA9E7 /* NoFeedView.swift in Sources */ = {isa = PBXBuildFile; fileRef = 10502D352A49FFAE009DA9E7 /* NoFeedView.swift */; };
		10502D3A2A4A041E009DA9E7 /* UseCase.swift in Sources */ = {isa = PBXBuildFile; fileRef = 10502D392A4A041E009DA9E7 /* UseCase.swift */; };
		10502D3E2A4A14C8009DA9E7 /* ArticleRepository.swift in Sources */ = {isa = PBXBuildFile; fileRef = 10502D3D2A4A14C8009DA9E7 /* ArticleRepository.swift */; };
/* End PBXBuildFile section */

/* Begin PBXContainerItemProxy section */
		10502CCA2A49669C009DA9E7 /* PBXContainerItemProxy */ = {
			isa = PBXContainerItemProxy;
			containerPortal = 10502CB12A49669A009DA9E7 /* Project object */;
			proxyType = 1;
			remoteGlobalIDString = 10502CB82A49669A009DA9E7;
			remoteInfo = GFG_Challenge;
		};
		10502CD42A49669C009DA9E7 /* PBXContainerItemProxy */ = {
			isa = PBXContainerItemProxy;
			containerPortal = 10502CB12A49669A009DA9E7 /* Project object */;
			proxyType = 1;
			remoteGlobalIDString = 10502CB82A49669A009DA9E7;
			remoteInfo = GFG_Challenge;
		};
/* End PBXContainerItemProxy section */

/* Begin PBXFileReference section */
		10502CB92A49669A009DA9E7 /* GFG_Challenge.app */ = {isa = PBXFileReference; explicitFileType = wrapper.application; includeInIndex = 0; path = GFG_Challenge.app; sourceTree = BUILT_PRODUCTS_DIR; };
		10502CBC2A49669A009DA9E7 /* GFG_ChallengeApp.swift */ = {isa = PBXFileReference; lastKnownFileType = sourcecode.swift; path = GFG_ChallengeApp.swift; sourceTree = "<group>"; };
		10502CC02A49669B009DA9E7 /* Assets.xcassets */ = {isa = PBXFileReference; lastKnownFileType = folder.assetcatalog; path = Assets.xcassets; sourceTree = "<group>"; };
		10502CC32A49669B009DA9E7 /* Preview Assets.xcassets */ = {isa = PBXFileReference; lastKnownFileType = folder.assetcatalog; path = "Preview Assets.xcassets"; sourceTree = "<group>"; };
		10502CC92A49669C009DA9E7 /* GFG_ChallengeTests.xctest */ = {isa = PBXFileReference; explicitFileType = wrapper.cfbundle; includeInIndex = 0; path = GFG_ChallengeTests.xctest; sourceTree = BUILT_PRODUCTS_DIR; };
		10502CCD2A49669C009DA9E7 /* GFG_ChallengeTests.swift */ = {isa = PBXFileReference; lastKnownFileType = sourcecode.swift; path = GFG_ChallengeTests.swift; sourceTree = "<group>"; };
		10502CD32A49669C009DA9E7 /* GFG_ChallengeUITests.xctest */ = {isa = PBXFileReference; explicitFileType = wrapper.cfbundle; includeInIndex = 0; path = GFG_ChallengeUITests.xctest; sourceTree = BUILT_PRODUCTS_DIR; };
		10502CD72A49669C009DA9E7 /* GFG_ChallengeUITests.swift */ = {isa = PBXFileReference; lastKnownFileType = sourcecode.swift; path = GFG_ChallengeUITests.swift; sourceTree = "<group>"; };
		10502CD92A49669C009DA9E7 /* GFG_ChallengeUITestsLaunchTests.swift */ = {isa = PBXFileReference; lastKnownFileType = sourcecode.swift; path = GFG_ChallengeUITestsLaunchTests.swift; sourceTree = "<group>"; };
		10502CEC2A497ED1009DA9E7 /* ArticlesFeedView.swift */ = {isa = PBXFileReference; lastKnownFileType = sourcecode.swift; path = ArticlesFeedView.swift; sourceTree = "<group>"; };
		10502CEE2A49815D009DA9E7 /* Constants.swift */ = {isa = PBXFileReference; lastKnownFileType = sourcecode.swift; path = Constants.swift; sourceTree = "<group>"; };
		10502CF22A4982C7009DA9E7 /* Poppins-ThinItalic.ttf */ = {isa = PBXFileReference; lastKnownFileType = file; path = "Poppins-ThinItalic.ttf"; sourceTree = "<group>"; };
		10502CF52A4982C8009DA9E7 /* Poppins-BoldItalic.ttf */ = {isa = PBXFileReference; lastKnownFileType = file; path = "Poppins-BoldItalic.ttf"; sourceTree = "<group>"; };
		10502CF82A4982C8009DA9E7 /* Poppins-Italic.ttf */ = {isa = PBXFileReference; lastKnownFileType = file; path = "Poppins-Italic.ttf"; sourceTree = "<group>"; };
		10502CF92A4982C8009DA9E7 /* Poppins-Regular.ttf */ = {isa = PBXFileReference; lastKnownFileType = file; path = "Poppins-Regular.ttf"; sourceTree = "<group>"; };
		10502CFD2A4982C8009DA9E7 /* Poppins-Bold.ttf */ = {isa = PBXFileReference; lastKnownFileType = file; path = "Poppins-Bold.ttf"; sourceTree = "<group>"; };
		10502CFE2A4982C8009DA9E7 /* Poppins-Thin.ttf */ = {isa = PBXFileReference; lastKnownFileType = file; path = "Poppins-Thin.ttf"; sourceTree = "<group>"; };
		10502D052A498305009DA9E7 /* RobotoCondensed-Regular.ttf */ = {isa = PBXFileReference; lastKnownFileType = file; path = "RobotoCondensed-Regular.ttf"; sourceTree = "<group>"; };
		10502D062A498305009DA9E7 /* RobotoCondensed-Bold.ttf */ = {isa = PBXFileReference; lastKnownFileType = file; path = "RobotoCondensed-Bold.ttf"; sourceTree = "<group>"; };
		10502D082A498305009DA9E7 /* RobotoCondensed-Light.ttf */ = {isa = PBXFileReference; lastKnownFileType = file; path = "RobotoCondensed-Light.ttf"; sourceTree = "<group>"; };
		10502D092A498305009DA9E7 /* RobotoCondensed-BoldItalic.ttf */ = {isa = PBXFileReference; lastKnownFileType = file; path = "RobotoCondensed-BoldItalic.ttf"; sourceTree = "<group>"; };
		10502D0A2A498305009DA9E7 /* RobotoCondensed-Italic.ttf */ = {isa = PBXFileReference; lastKnownFileType = file; path = "RobotoCondensed-Italic.ttf"; sourceTree = "<group>"; };
		10502D0B2A498328009DA9E7 /* GFG-Challenge-Info.plist */ = {isa = PBXFileReference; lastKnownFileType = text.plist; path = "GFG-Challenge-Info.plist"; sourceTree = SOURCE_ROOT; };
		10502D1A2A498724009DA9E7 /* PostCardView.swift */ = {isa = PBXFileReference; lastKnownFileType = sourcecode.swift; path = PostCardView.swift; sourceTree = "<group>"; };
		10502D1E2A498876009DA9E7 /* PostCardViewModel.swift */ = {isa = PBXFileReference; lastKnownFileType = sourcecode.swift; path = PostCardViewModel.swift; sourceTree = "<group>"; };
		10502D212A498904009DA9E7 /* ArticleModel.swift */ = {isa = PBXFileReference; lastKnownFileType = sourcecode.swift; path = ArticleModel.swift; sourceTree = "<group>"; };
		10502D282A4993BD009DA9E7 /* ArticleFeedViewModel.swift */ = {isa = PBXFileReference; lastKnownFileType = sourcecode.swift; path = ArticleFeedViewModel.swift; sourceTree = "<group>"; };
		10502D2B2A49C633009DA9E7 /* SampleData.swift */ = {isa = PBXFileReference; lastKnownFileType = sourcecode.swift; path = "\U0010SampleData.swift"; sourceTree = "<group>"; };
		10502D312A49DF4F009DA9E7 /* DateExtensions.swift */ = {isa = PBXFileReference; lastKnownFileType = sourcecode.swift; path = DateExtensions.swift; sourceTree = "<group>"; };
		10502D332A49EC87009DA9E7 /* ArticleFeedModel.swift */ = {isa = PBXFileReference; lastKnownFileType = sourcecode.swift; path = ArticleFeedModel.swift; sourceTree = "<group>"; };
		10502D352A49FFAE009DA9E7 /* NoFeedView.swift */ = {isa = PBXFileReference; lastKnownFileType = sourcecode.swift; path = NoFeedView.swift; sourceTree = "<group>"; };
		10502D392A4A041E009DA9E7 /* UseCase.swift */ = {isa = PBXFileReference; lastKnownFileType = sourcecode.swift; path = UseCase.swift; sourceTree = "<group>"; };
		10502D3D2A4A14C8009DA9E7 /* ArticleRepository.swift */ = {isa = PBXFileReference; lastKnownFileType = sourcecode.swift; path = ArticleRepository.swift; sourceTree = "<group>"; };
/* End PBXFileReference section */

/* Begin PBXFrameworksBuildPhase section */
		10502CB62A49669A009DA9E7 /* Frameworks */ = {
			isa = PBXFrameworksBuildPhase;
			buildActionMask = 2147483647;
			files = (
				10502D2F2A49CEE0009DA9E7 /* Kingfisher in Frameworks */,
			);
			runOnlyForDeploymentPostprocessing = 0;
		};
		10502CC62A49669C009DA9E7 /* Frameworks */ = {
			isa = PBXFrameworksBuildPhase;
			buildActionMask = 2147483647;
			files = (
			);
			runOnlyForDeploymentPostprocessing = 0;
		};
		10502CD02A49669C009DA9E7 /* Frameworks */ = {
			isa = PBXFrameworksBuildPhase;
			buildActionMask = 2147483647;
			files = (
			);
			runOnlyForDeploymentPostprocessing = 0;
		};
/* End PBXFrameworksBuildPhase section */

/* Begin PBXGroup section */
		10502CB02A49669A009DA9E7 = {
			isa = PBXGroup;
			children = (
				10502CBB2A49669A009DA9E7 /* GFG_Challenge */,
				10502CCC2A49669C009DA9E7 /* GFG_ChallengeTests */,
				10502CD62A49669C009DA9E7 /* GFG_ChallengeUITests */,
				10502CBA2A49669A009DA9E7 /* Products */,
			);
			sourceTree = "<group>";
		};
		10502CBA2A49669A009DA9E7 /* Products */ = {
			isa = PBXGroup;
			children = (
				10502CB92A49669A009DA9E7 /* GFG_Challenge.app */,
				10502CC92A49669C009DA9E7 /* GFG_ChallengeTests.xctest */,
				10502CD32A49669C009DA9E7 /* GFG_ChallengeUITests.xctest */,
			);
			name = Products;
			sourceTree = "<group>";
		};
		10502CBB2A49669A009DA9E7 /* GFG_Challenge */ = {
			isa = PBXGroup;
			children = (
				10502D0B2A498328009DA9E7 /* GFG-Challenge-Info.plist */,
				10502CF02A498296009DA9E7 /* Fonts */,
				10502CE62A496A90009DA9E7 /* Core */,
				10502CE72A496AFE009DA9E7 /* Features */,
				10502CBC2A49669A009DA9E7 /* GFG_ChallengeApp.swift */,
				10502CC02A49669B009DA9E7 /* Assets.xcassets */,
				10502CC22A49669B009DA9E7 /* Preview Content */,
			);
			path = GFG_Challenge;
			sourceTree = "<group>";
		};
		10502CC22A49669B009DA9E7 /* Preview Content */ = {
			isa = PBXGroup;
			children = (
				10502CC32A49669B009DA9E7 /* Preview Assets.xcassets */,
			);
			path = "Preview Content";
			sourceTree = "<group>";
		};
		10502CCC2A49669C009DA9E7 /* GFG_ChallengeTests */ = {
			isa = PBXGroup;
			children = (
				10502CCD2A49669C009DA9E7 /* GFG_ChallengeTests.swift */,
			);
			path = GFG_ChallengeTests;
			sourceTree = "<group>";
		};
		10502CD62A49669C009DA9E7 /* GFG_ChallengeUITests */ = {
			isa = PBXGroup;
			children = (
				10502CD72A49669C009DA9E7 /* GFG_ChallengeUITests.swift */,
				10502CD92A49669C009DA9E7 /* GFG_ChallengeUITestsLaunchTests.swift */,
			);
			path = GFG_ChallengeUITests;
			sourceTree = "<group>";
		};
		10502CE62A496A90009DA9E7 /* Core */ = {
			isa = PBXGroup;
			children = (
				10502D302A49DF06009DA9E7 /* Extensions */,
				10502D202A4988E0009DA9E7 /* CoreModel */,
				10502D172A4986C2009DA9E7 /* Reusable */,
				10502CEE2A49815D009DA9E7 /* Constants.swift */,
				10502D2B2A49C633009DA9E7 /* SampleData.swift */,
			);
			path = Core;
			sourceTree = "<group>";
		};
		10502CE72A496AFE009DA9E7 /* Features */ = {
			isa = PBXGroup;
			children = (
				10502CE82A496B42009DA9E7 /* ArticlesFeed */,
			);
			path = Features;
			sourceTree = "<group>";
		};
		10502CE82A496B42009DA9E7 /* ArticlesFeed */ = {
			isa = PBXGroup;
			children = (
				10502D3B2A4A1445009DA9E7 /* DataLayer */,
				10502D382A4A03C5009DA9E7 /* DomainLayer */,
				10502D372A4A03B1009DA9E7 /* PresentationLayer */,
			);
			path = ArticlesFeed;
			sourceTree = "<group>";
		};
		10502CE92A496BC4009DA9E7 /* Model */ = {
			isa = PBXGroup;
			children = (
				10502D332A49EC87009DA9E7 /* ArticleFeedModel.swift */,
			);
			path = Model;
			sourceTree = "<group>";
		};
		10502CEA2A496BEE009DA9E7 /* View */ = {
			isa = PBXGroup;
			children = (
				10502CEC2A497ED1009DA9E7 /* ArticlesFeedView.swift */,
				10502D352A49FFAE009DA9E7 /* NoFeedView.swift */,
			);
			path = View;
			sourceTree = "<group>";
		};
		10502CEB2A496BFF009DA9E7 /* ViewModel */ = {
			isa = PBXGroup;
			children = (
				10502D282A4993BD009DA9E7 /* ArticleFeedViewModel.swift */,
			);
			path = ViewModel;
			sourceTree = "<group>";
		};
		10502CF02A498296009DA9E7 /* Fonts */ = {
			isa = PBXGroup;
			children = (
				10502D042A4982CE009DA9E7 /* RobotoCondensed */,
				10502CF12A4982A1009DA9E7 /* Poppins */,
			);
			path = Fonts;
			sourceTree = "<group>";
		};
		10502CF12A4982A1009DA9E7 /* Poppins */ = {
			isa = PBXGroup;
			children = (
				10502CFD2A4982C8009DA9E7 /* Poppins-Bold.ttf */,
				10502CF52A4982C8009DA9E7 /* Poppins-BoldItalic.ttf */,
				10502CF82A4982C8009DA9E7 /* Poppins-Italic.ttf */,
				10502CF92A4982C8009DA9E7 /* Poppins-Regular.ttf */,
				10502CFE2A4982C8009DA9E7 /* Poppins-Thin.ttf */,
				10502CF22A4982C7009DA9E7 /* Poppins-ThinItalic.ttf */,
			);
			path = Poppins;
			sourceTree = "<group>";
		};
		10502D042A4982CE009DA9E7 /* RobotoCondensed */ = {
			isa = PBXGroup;
			children = (
				10502D062A498305009DA9E7 /* RobotoCondensed-Bold.ttf */,
				10502D092A498305009DA9E7 /* RobotoCondensed-BoldItalic.ttf */,
				10502D0A2A498305009DA9E7 /* RobotoCondensed-Italic.ttf */,
				10502D082A498305009DA9E7 /* RobotoCondensed-Light.ttf */,
				10502D052A498305009DA9E7 /* RobotoCondensed-Regular.ttf */,
			);
			path = RobotoCondensed;
			sourceTree = "<group>";
		};
		10502D172A4986C2009DA9E7 /* Reusable */ = {
			isa = PBXGroup;
			children = (
				10502D182A4986D1009DA9E7 /* PostCard */,
			);
			path = Reusable;
			sourceTree = "<group>";
		};
		10502D182A4986D1009DA9E7 /* PostCard */ = {
			isa = PBXGroup;
			children = (
				10502D1D2A498863009DA9E7 /* ViewModel */,
				10502D192A498707009DA9E7 /* View */,
			);
			path = PostCard;
			sourceTree = "<group>";
		};
		10502D192A498707009DA9E7 /* View */ = {
			isa = PBXGroup;
			children = (
				10502D1A2A498724009DA9E7 /* PostCardView.swift */,
			);
			path = View;
			sourceTree = "<group>";
		};
		10502D1D2A498863009DA9E7 /* ViewModel */ = {
			isa = PBXGroup;
			children = (
				10502D1E2A498876009DA9E7 /* PostCardViewModel.swift */,
			);
			path = ViewModel;
			sourceTree = "<group>";
		};
		10502D202A4988E0009DA9E7 /* CoreModel */ = {
			isa = PBXGroup;
			children = (
				10502D212A498904009DA9E7 /* ArticleModel.swift */,
			);
			path = CoreModel;
			sourceTree = "<group>";
		};
		10502D302A49DF06009DA9E7 /* Extensions */ = {
			isa = PBXGroup;
			children = (
				10502D312A49DF4F009DA9E7 /* DateExtensions.swift */,
			);
			path = Extensions;
			sourceTree = "<group>";
		};
		10502D372A4A03B1009DA9E7 /* PresentationLayer */ = {
			isa = PBXGroup;
			children = (
				10502CEB2A496BFF009DA9E7 /* ViewModel */,
				10502CEA2A496BEE009DA9E7 /* View */,
				10502CE92A496BC4009DA9E7 /* Model */,
			);
			path = PresentationLayer;
			sourceTree = "<group>";
		};
		10502D382A4A03C5009DA9E7 /* DomainLayer */ = {
			isa = PBXGroup;
			children = (
				10502D392A4A041E009DA9E7 /* UseCase.swift */,
			);
			path = DomainLayer;
			sourceTree = "<group>";
		};
		10502D3B2A4A1445009DA9E7 /* DataLayer */ = {
			isa = PBXGroup;
			children = (
				10502D3D2A4A14C8009DA9E7 /* ArticleRepository.swift */,
			);
			path = DataLayer;
			sourceTree = "<group>";
		};
/* End PBXGroup section */

/* Begin PBXNativeTarget section */
		10502CB82A49669A009DA9E7 /* GFG_Challenge */ = {
			isa = PBXNativeTarget;
			buildConfigurationList = 10502CDD2A49669C009DA9E7 /* Build configuration list for PBXNativeTarget "GFG_Challenge" */;
			buildPhases = (
				10502CB52A49669A009DA9E7 /* Sources */,
				10502CB62A49669A009DA9E7 /* Frameworks */,
				10502CB72A49669A009DA9E7 /* Resources */,
			);
			buildRules = (
			);
			dependencies = (
			);
			name = GFG_Challenge;
			packageProductDependencies = (
				10502D2E2A49CEE0009DA9E7 /* Kingfisher */,
			);
			productName = GFG_Challenge;
			productReference = 10502CB92A49669A009DA9E7 /* GFG_Challenge.app */;
			productType = "com.apple.product-type.application";
		};
		10502CC82A49669C009DA9E7 /* GFG_ChallengeTests */ = {
			isa = PBXNativeTarget;
			buildConfigurationList = 10502CE02A49669C009DA9E7 /* Build configuration list for PBXNativeTarget "GFG_ChallengeTests" */;
			buildPhases = (
				10502CC52A49669C009DA9E7 /* Sources */,
				10502CC62A49669C009DA9E7 /* Frameworks */,
				10502CC72A49669C009DA9E7 /* Resources */,
			);
			buildRules = (
			);
			dependencies = (
				10502CCB2A49669C009DA9E7 /* PBXTargetDependency */,
			);
			name = GFG_ChallengeTests;
			productName = GFG_ChallengeTests;
			productReference = 10502CC92A49669C009DA9E7 /* GFG_ChallengeTests.xctest */;
			productType = "com.apple.product-type.bundle.unit-test";
		};
		10502CD22A49669C009DA9E7 /* GFG_ChallengeUITests */ = {
			isa = PBXNativeTarget;
			buildConfigurationList = 10502CE32A49669C009DA9E7 /* Build configuration list for PBXNativeTarget "GFG_ChallengeUITests" */;
			buildPhases = (
				10502CCF2A49669C009DA9E7 /* Sources */,
				10502CD02A49669C009DA9E7 /* Frameworks */,
				10502CD12A49669C009DA9E7 /* Resources */,
			);
			buildRules = (
			);
			dependencies = (
				10502CD52A49669C009DA9E7 /* PBXTargetDependency */,
			);
			name = GFG_ChallengeUITests;
			productName = GFG_ChallengeUITests;
			productReference = 10502CD32A49669C009DA9E7 /* GFG_ChallengeUITests.xctest */;
			productType = "com.apple.product-type.bundle.ui-testing";
		};
/* End PBXNativeTarget section */

/* Begin PBXProject section */
		10502CB12A49669A009DA9E7 /* Project object */ = {
			isa = PBXProject;
			attributes = {
				BuildIndependentTargetsInParallel = 1;
				LastSwiftUpdateCheck = 1430;
				LastUpgradeCheck = 1430;
				TargetAttributes = {
					10502CB82A49669A009DA9E7 = {
						CreatedOnToolsVersion = 14.3.1;
					};
					10502CC82A49669C009DA9E7 = {
						CreatedOnToolsVersion = 14.3.1;
						TestTargetID = 10502CB82A49669A009DA9E7;
					};
					10502CD22A49669C009DA9E7 = {
						CreatedOnToolsVersion = 14.3.1;
						TestTargetID = 10502CB82A49669A009DA9E7;
					};
				};
			};
			buildConfigurationList = 10502CB42A49669A009DA9E7 /* Build configuration list for PBXProject "GFG_Challenge" */;
			compatibilityVersion = "Xcode 14.0";
			developmentRegion = en;
			hasScannedForEncodings = 0;
			knownRegions = (
				en,
				Base,
			);
			mainGroup = 10502CB02A49669A009DA9E7;
			packageReferences = (
				10502D2D2A49CEE0009DA9E7 /* XCRemoteSwiftPackageReference "Kingfisher" */,
			);
			productRefGroup = 10502CBA2A49669A009DA9E7 /* Products */;
			projectDirPath = "";
			projectRoot = "";
			targets = (
				10502CB82A49669A009DA9E7 /* GFG_Challenge */,
				10502CC82A49669C009DA9E7 /* GFG_ChallengeTests */,
				10502CD22A49669C009DA9E7 /* GFG_ChallengeUITests */,
			);
		};
/* End PBXProject section */

/* Begin PBXResourcesBuildPhase section */
		10502CB72A49669A009DA9E7 /* Resources */ = {
			isa = PBXResourcesBuildPhase;
			buildActionMask = 2147483647;
			files = (
				10502D0C2A4984D2009DA9E7 /* RobotoCondensed-Bold.ttf in Resources */,
				10502D0D2A4984D2009DA9E7 /* RobotoCondensed-BoldItalic.ttf in Resources */,
				10502D0E2A4984D2009DA9E7 /* RobotoCondensed-Italic.ttf in Resources */,
				10502D0F2A4984D2009DA9E7 /* RobotoCondensed-Light.ttf in Resources */,
				10502D102A4984D2009DA9E7 /* RobotoCondensed-Regular.ttf in Resources */,
				10502D112A4984D2009DA9E7 /* Poppins-Bold.ttf in Resources */,
				10502D122A4984D2009DA9E7 /* Poppins-BoldItalic.ttf in Resources */,
				10502D132A4984D2009DA9E7 /* Poppins-Italic.ttf in Resources */,
				10502D142A4984D2009DA9E7 /* Poppins-Regular.ttf in Resources */,
				10502D152A4984D2009DA9E7 /* Poppins-Thin.ttf in Resources */,
				10502D162A4984D2009DA9E7 /* Poppins-ThinItalic.ttf in Resources */,
				10502CC42A49669B009DA9E7 /* Preview Assets.xcassets in Resources */,
				10502CC12A49669B009DA9E7 /* Assets.xcassets in Resources */,
			);
			runOnlyForDeploymentPostprocessing = 0;
		};
		10502CC72A49669C009DA9E7 /* Resources */ = {
			isa = PBXResourcesBuildPhase;
			buildActionMask = 2147483647;
			files = (
			);
			runOnlyForDeploymentPostprocessing = 0;
		};
		10502CD12A49669C009DA9E7 /* Resources */ = {
			isa = PBXResourcesBuildPhase;
			buildActionMask = 2147483647;
			files = (
			);
			runOnlyForDeploymentPostprocessing = 0;
		};
/* End PBXResourcesBuildPhase section */

/* Begin PBXSourcesBuildPhase section */
		10502CB52A49669A009DA9E7 /* Sources */ = {
			isa = PBXSourcesBuildPhase;
			buildActionMask = 2147483647;
			files = (
				10502D322A49DF4F009DA9E7 /* DateExtensions.swift in Sources */,
				10502D292A4993BD009DA9E7 /* ArticleFeedViewModel.swift in Sources */,
				10502D362A49FFAE009DA9E7 /* NoFeedView.swift in Sources */,
				10502D1B2A498724009DA9E7 /* PostCardView.swift in Sources */,
				10502D342A49EC87009DA9E7 /* ArticleFeedModel.swift in Sources */,
				10502D3A2A4A041E009DA9E7 /* UseCase.swift in Sources */,
				10502CED2A497ED1009DA9E7 /* ArticlesFeedView.swift in Sources */,
				10502D3E2A4A14C8009DA9E7 /* ArticleRepository.swift in Sources */,
				10502CBD2A49669A009DA9E7 /* GFG_ChallengeApp.swift in Sources */,
				10502CEF2A49815D009DA9E7 /* Constants.swift in Sources */,
				10502D1F2A498876009DA9E7 /* PostCardViewModel.swift in Sources */,
				10502D222A498904009DA9E7 /* ArticleModel.swift in Sources */,
				10502D2C2A49C633009DA9E7 /* SampleData.swift in Sources */,
			);
			runOnlyForDeploymentPostprocessing = 0;
		};
		10502CC52A49669C009DA9E7 /* Sources */ = {
			isa = PBXSourcesBuildPhase;
			buildActionMask = 2147483647;
			files = (
				10502CCE2A49669C009DA9E7 /* GFG_ChallengeTests.swift in Sources */,
			);
			runOnlyForDeploymentPostprocessing = 0;
		};
		10502CCF2A49669C009DA9E7 /* Sources */ = {
			isa = PBXSourcesBuildPhase;
			buildActionMask = 2147483647;
			files = (
				10502CD82A49669C009DA9E7 /* GFG_ChallengeUITests.swift in Sources */,
				10502CDA2A49669C009DA9E7 /* GFG_ChallengeUITestsLaunchTests.swift in Sources */,
			);
			runOnlyForDeploymentPostprocessing = 0;
		};
/* End PBXSourcesBuildPhase section */

/* Begin PBXTargetDependency section */
		10502CCB2A49669C009DA9E7 /* PBXTargetDependency */ = {
			isa = PBXTargetDependency;
			target = 10502CB82A49669A009DA9E7 /* GFG_Challenge */;
			targetProxy = 10502CCA2A49669C009DA9E7 /* PBXContainerItemProxy */;
		};
		10502CD52A49669C009DA9E7 /* PBXTargetDependency */ = {
			isa = PBXTargetDependency;
			target = 10502CB82A49669A009DA9E7 /* GFG_Challenge */;
			targetProxy = 10502CD42A49669C009DA9E7 /* PBXContainerItemProxy */;
		};
/* End PBXTargetDependency section */

/* Begin XCBuildConfiguration section */
		10502CDB2A49669C009DA9E7 /* Debug */ = {
			isa = XCBuildConfiguration;
			buildSettings = {
				ALWAYS_SEARCH_USER_PATHS = NO;
				CLANG_ANALYZER_NONNULL = YES;
				CLANG_ANALYZER_NUMBER_OBJECT_CONVERSION = YES_AGGRESSIVE;
				CLANG_CXX_LANGUAGE_STANDARD = "gnu++20";
				CLANG_ENABLE_MODULES = YES;
				CLANG_ENABLE_OBJC_ARC = YES;
				CLANG_ENABLE_OBJC_WEAK = YES;
				CLANG_WARN_BLOCK_CAPTURE_AUTORELEASING = YES;
				CLANG_WARN_BOOL_CONVERSION = YES;
				CLANG_WARN_COMMA = YES;
				CLANG_WARN_CONSTANT_CONVERSION = YES;
				CLANG_WARN_DEPRECATED_OBJC_IMPLEMENTATIONS = YES;
				CLANG_WARN_DIRECT_OBJC_ISA_USAGE = YES_ERROR;
				CLANG_WARN_DOCUMENTATION_COMMENTS = YES;
				CLANG_WARN_EMPTY_BODY = YES;
				CLANG_WARN_ENUM_CONVERSION = YES;
				CLANG_WARN_INFINITE_RECURSION = YES;
				CLANG_WARN_INT_CONVERSION = YES;
				CLANG_WARN_NON_LITERAL_NULL_CONVERSION = YES;
				CLANG_WARN_OBJC_IMPLICIT_RETAIN_SELF = YES;
				CLANG_WARN_OBJC_LITERAL_CONVERSION = YES;
				CLANG_WARN_OBJC_ROOT_CLASS = YES_ERROR;
				CLANG_WARN_QUOTED_INCLUDE_IN_FRAMEWORK_HEADER = YES;
				CLANG_WARN_RANGE_LOOP_ANALYSIS = YES;
				CLANG_WARN_STRICT_PROTOTYPES = YES;
				CLANG_WARN_SUSPICIOUS_MOVE = YES;
				CLANG_WARN_UNGUARDED_AVAILABILITY = YES_AGGRESSIVE;
				CLANG_WARN_UNREACHABLE_CODE = YES;
				CLANG_WARN__DUPLICATE_METHOD_MATCH = YES;
				COPY_PHASE_STRIP = NO;
				DEBUG_INFORMATION_FORMAT = dwarf;
				ENABLE_STRICT_OBJC_MSGSEND = YES;
				ENABLE_TESTABILITY = YES;
				GCC_C_LANGUAGE_STANDARD = gnu11;
				GCC_DYNAMIC_NO_PIC = NO;
				GCC_NO_COMMON_BLOCKS = YES;
				GCC_OPTIMIZATION_LEVEL = 0;
				GCC_PREPROCESSOR_DEFINITIONS = (
					"DEBUG=1",
					"$(inherited)",
				);
				GCC_WARN_64_TO_32_BIT_CONVERSION = YES;
				GCC_WARN_ABOUT_RETURN_TYPE = YES_ERROR;
				GCC_WARN_UNDECLARED_SELECTOR = YES;
				GCC_WARN_UNINITIALIZED_AUTOS = YES_AGGRESSIVE;
				GCC_WARN_UNUSED_FUNCTION = YES;
				GCC_WARN_UNUSED_VARIABLE = YES;
				IPHONEOS_DEPLOYMENT_TARGET = 16.4;
				MTL_ENABLE_DEBUG_INFO = INCLUDE_SOURCE;
				MTL_FAST_MATH = YES;
				ONLY_ACTIVE_ARCH = YES;
				SDKROOT = iphoneos;
				SWIFT_ACTIVE_COMPILATION_CONDITIONS = DEBUG;
				SWIFT_OPTIMIZATION_LEVEL = "-Onone";
			};
			name = Debug;
		};
		10502CDC2A49669C009DA9E7 /* Release */ = {
			isa = XCBuildConfiguration;
			buildSettings = {
				ALWAYS_SEARCH_USER_PATHS = NO;
				CLANG_ANALYZER_NONNULL = YES;
				CLANG_ANALYZER_NUMBER_OBJECT_CONVERSION = YES_AGGRESSIVE;
				CLANG_CXX_LANGUAGE_STANDARD = "gnu++20";
				CLANG_ENABLE_MODULES = YES;
				CLANG_ENABLE_OBJC_ARC = YES;
				CLANG_ENABLE_OBJC_WEAK = YES;
				CLANG_WARN_BLOCK_CAPTURE_AUTORELEASING = YES;
				CLANG_WARN_BOOL_CONVERSION = YES;
				CLANG_WARN_COMMA = YES;
				CLANG_WARN_CONSTANT_CONVERSION = YES;
				CLANG_WARN_DEPRECATED_OBJC_IMPLEMENTATIONS = YES;
				CLANG_WARN_DIRECT_OBJC_ISA_USAGE = YES_ERROR;
				CLANG_WARN_DOCUMENTATION_COMMENTS = YES;
				CLANG_WARN_EMPTY_BODY = YES;
				CLANG_WARN_ENUM_CONVERSION = YES;
				CLANG_WARN_INFINITE_RECURSION = YES;
				CLANG_WARN_INT_CONVERSION = YES;
				CLANG_WARN_NON_LITERAL_NULL_CONVERSION = YES;
				CLANG_WARN_OBJC_IMPLICIT_RETAIN_SELF = YES;
				CLANG_WARN_OBJC_LITERAL_CONVERSION = YES;
				CLANG_WARN_OBJC_ROOT_CLASS = YES_ERROR;
				CLANG_WARN_QUOTED_INCLUDE_IN_FRAMEWORK_HEADER = YES;
				CLANG_WARN_RANGE_LOOP_ANALYSIS = YES;
				CLANG_WARN_STRICT_PROTOTYPES = YES;
				CLANG_WARN_SUSPICIOUS_MOVE = YES;
				CLANG_WARN_UNGUARDED_AVAILABILITY = YES_AGGRESSIVE;
				CLANG_WARN_UNREACHABLE_CODE = YES;
				CLANG_WARN__DUPLICATE_METHOD_MATCH = YES;
				COPY_PHASE_STRIP = NO;
				DEBUG_INFORMATION_FORMAT = "dwarf-with-dsym";
				ENABLE_NS_ASSERTIONS = NO;
				ENABLE_STRICT_OBJC_MSGSEND = YES;
				GCC_C_LANGUAGE_STANDARD = gnu11;
				GCC_NO_COMMON_BLOCKS = YES;
				GCC_WARN_64_TO_32_BIT_CONVERSION = YES;
				GCC_WARN_ABOUT_RETURN_TYPE = YES_ERROR;
				GCC_WARN_UNDECLARED_SELECTOR = YES;
				GCC_WARN_UNINITIALIZED_AUTOS = YES_AGGRESSIVE;
				GCC_WARN_UNUSED_FUNCTION = YES;
				GCC_WARN_UNUSED_VARIABLE = YES;
				IPHONEOS_DEPLOYMENT_TARGET = 16.4;
				MTL_ENABLE_DEBUG_INFO = NO;
				MTL_FAST_MATH = YES;
				SDKROOT = iphoneos;
				SWIFT_COMPILATION_MODE = wholemodule;
				SWIFT_OPTIMIZATION_LEVEL = "-O";
				VALIDATE_PRODUCT = YES;
			};
			name = Release;
		};
		10502CDE2A49669C009DA9E7 /* Debug */ = {
			isa = XCBuildConfiguration;
			buildSettings = {
				ASSETCATALOG_COMPILER_APPICON_NAME = AppIcon;
				ASSETCATALOG_COMPILER_GLOBAL_ACCENT_COLOR_NAME = AccentColor;
				CODE_SIGN_STYLE = Automatic;
				CURRENT_PROJECT_VERSION = 1;
				DEVELOPMENT_ASSET_PATHS = "\"GFG_Challenge/Preview Content\"";
				DEVELOPMENT_TEAM = 3NRS47XA44;
				ENABLE_PREVIEWS = YES;
				GENERATE_INFOPLIST_FILE = YES;
				INFOPLIST_FILE = "GFG-Challenge-Info.plist";
				INFOPLIST_KEY_UIApplicationSceneManifest_Generation = YES;
				INFOPLIST_KEY_UIApplicationSupportsIndirectInputEvents = YES;
				INFOPLIST_KEY_UILaunchScreen_Generation = YES;
				INFOPLIST_KEY_UISupportedInterfaceOrientations_iPad = "UIInterfaceOrientationPortrait UIInterfaceOrientationPortraitUpsideDown UIInterfaceOrientationLandscapeLeft UIInterfaceOrientationLandscapeRight";
				INFOPLIST_KEY_UISupportedInterfaceOrientations_iPhone = "UIInterfaceOrientationPortrait UIInterfaceOrientationLandscapeLeft UIInterfaceOrientationLandscapeRight";
				LD_RUNPATH_SEARCH_PATHS = (
					"$(inherited)",
					"@executable_path/Frameworks",
				);
				MARKETING_VERSION = 1.0;
				PRODUCT_BUNDLE_IDENTIFIER = "com.apoorvverma.gfg.GFG-Challenge";
				PRODUCT_NAME = "$(TARGET_NAME)";
				SWIFT_EMIT_LOC_STRINGS = YES;
				SWIFT_VERSION = 5.0;
				TARGETED_DEVICE_FAMILY = "1,2";
			};
			name = Debug;
		};
		10502CDF2A49669C009DA9E7 /* Release */ = {
			isa = XCBuildConfiguration;
			buildSettings = {
				ASSETCATALOG_COMPILER_APPICON_NAME = AppIcon;
				ASSETCATALOG_COMPILER_GLOBAL_ACCENT_COLOR_NAME = AccentColor;
				CODE_SIGN_STYLE = Automatic;
				CURRENT_PROJECT_VERSION = 1;
				DEVELOPMENT_ASSET_PATHS = "\"GFG_Challenge/Preview Content\"";
				DEVELOPMENT_TEAM = 3NRS47XA44;
				ENABLE_PREVIEWS = YES;
				GENERATE_INFOPLIST_FILE = YES;
				INFOPLIST_FILE = "GFG-Challenge-Info.plist";
				INFOPLIST_KEY_UIApplicationSceneManifest_Generation = YES;
				INFOPLIST_KEY_UIApplicationSupportsIndirectInputEvents = YES;
				INFOPLIST_KEY_UILaunchScreen_Generation = YES;
				INFOPLIST_KEY_UISupportedInterfaceOrientations_iPad = "UIInterfaceOrientationPortrait UIInterfaceOrientationPortraitUpsideDown UIInterfaceOrientationLandscapeLeft UIInterfaceOrientationLandscapeRight";
				INFOPLIST_KEY_UISupportedInterfaceOrientations_iPhone = "UIInterfaceOrientationPortrait UIInterfaceOrientationLandscapeLeft UIInterfaceOrientationLandscapeRight";
				LD_RUNPATH_SEARCH_PATHS = (
					"$(inherited)",
					"@executable_path/Frameworks",
				);
				MARKETING_VERSION = 1.0;
				PRODUCT_BUNDLE_IDENTIFIER = "com.apoorvverma.gfg.GFG-Challenge";
				PRODUCT_NAME = "$(TARGET_NAME)";
				SWIFT_EMIT_LOC_STRINGS = YES;
				SWIFT_VERSION = 5.0;
				TARGETED_DEVICE_FAMILY = "1,2";
			};
			name = Release;
		};
		10502CE12A49669C009DA9E7 /* Debug */ = {
			isa = XCBuildConfiguration;
			buildSettings = {
				ALWAYS_EMBED_SWIFT_STANDARD_LIBRARIES = YES;
				BUNDLE_LOADER = "$(TEST_HOST)";
				CODE_SIGN_STYLE = Automatic;
				CURRENT_PROJECT_VERSION = 1;
				DEVELOPMENT_TEAM = 3NRS47XA44;
				GENERATE_INFOPLIST_FILE = YES;
				IPHONEOS_DEPLOYMENT_TARGET = 16.4;
				MARKETING_VERSION = 1.0;
				PRODUCT_BUNDLE_IDENTIFIER = "com.apoorvverma.gfg.GFG-ChallengeTests";
				PRODUCT_NAME = "$(TARGET_NAME)";
				SWIFT_EMIT_LOC_STRINGS = NO;
				SWIFT_VERSION = 5.0;
				TARGETED_DEVICE_FAMILY = "1,2";
				TEST_HOST = "$(BUILT_PRODUCTS_DIR)/GFG_Challenge.app/$(BUNDLE_EXECUTABLE_FOLDER_PATH)/GFG_Challenge";
			};
			name = Debug;
		};
		10502CE22A49669C009DA9E7 /* Release */ = {
			isa = XCBuildConfiguration;
			buildSettings = {
				ALWAYS_EMBED_SWIFT_STANDARD_LIBRARIES = YES;
				BUNDLE_LOADER = "$(TEST_HOST)";
				CODE_SIGN_STYLE = Automatic;
				CURRENT_PROJECT_VERSION = 1;
				DEVELOPMENT_TEAM = 3NRS47XA44;
				GENERATE_INFOPLIST_FILE = YES;
				IPHONEOS_DEPLOYMENT_TARGET = 16.4;
				MARKETING_VERSION = 1.0;
				PRODUCT_BUNDLE_IDENTIFIER = "com.apoorvverma.gfg.GFG-ChallengeTests";
				PRODUCT_NAME = "$(TARGET_NAME)";
				SWIFT_EMIT_LOC_STRINGS = NO;
				SWIFT_VERSION = 5.0;
				TARGETED_DEVICE_FAMILY = "1,2";
				TEST_HOST = "$(BUILT_PRODUCTS_DIR)/GFG_Challenge.app/$(BUNDLE_EXECUTABLE_FOLDER_PATH)/GFG_Challenge";
			};
			name = Release;
		};
		10502CE42A49669C009DA9E7 /* Debug */ = {
			isa = XCBuildConfiguration;
			buildSettings = {
				ALWAYS_EMBED_SWIFT_STANDARD_LIBRARIES = YES;
				CODE_SIGN_STYLE = Automatic;
				CURRENT_PROJECT_VERSION = 1;
				DEVELOPMENT_TEAM = 3NRS47XA44;
				GENERATE_INFOPLIST_FILE = YES;
				MARKETING_VERSION = 1.0;
				PRODUCT_BUNDLE_IDENTIFIER = "com.apoorvverma.gfg.GFG-ChallengeUITests";
				PRODUCT_NAME = "$(TARGET_NAME)";
				SWIFT_EMIT_LOC_STRINGS = NO;
				SWIFT_VERSION = 5.0;
				TARGETED_DEVICE_FAMILY = "1,2";
				TEST_TARGET_NAME = GFG_Challenge;
			};
			name = Debug;
		};
		10502CE52A49669C009DA9E7 /* Release */ = {
			isa = XCBuildConfiguration;
			buildSettings = {
				ALWAYS_EMBED_SWIFT_STANDARD_LIBRARIES = YES;
				CODE_SIGN_STYLE = Automatic;
				CURRENT_PROJECT_VERSION = 1;
				DEVELOPMENT_TEAM = 3NRS47XA44;
				GENERATE_INFOPLIST_FILE = YES;
				MARKETING_VERSION = 1.0;
				PRODUCT_BUNDLE_IDENTIFIER = "com.apoorvverma.gfg.GFG-ChallengeUITests";
				PRODUCT_NAME = "$(TARGET_NAME)";
				SWIFT_EMIT_LOC_STRINGS = NO;
				SWIFT_VERSION = 5.0;
				TARGETED_DEVICE_FAMILY = "1,2";
				TEST_TARGET_NAME = GFG_Challenge;
			};
			name = Release;
		};
/* End XCBuildConfiguration section */

/* Begin XCConfigurationList section */
		10502CB42A49669A009DA9E7 /* Build configuration list for PBXProject "GFG_Challenge" */ = {
			isa = XCConfigurationList;
			buildConfigurations = (
				10502CDB2A49669C009DA9E7 /* Debug */,
				10502CDC2A49669C009DA9E7 /* Release */,
			);
			defaultConfigurationIsVisible = 0;
			defaultConfigurationName = Release;
		};
		10502CDD2A49669C009DA9E7 /* Build configuration list for PBXNativeTarget "GFG_Challenge" */ = {
			isa = XCConfigurationList;
			buildConfigurations = (
				10502CDE2A49669C009DA9E7 /* Debug */,
				10502CDF2A49669C009DA9E7 /* Release */,
			);
			defaultConfigurationIsVisible = 0;
			defaultConfigurationName = Release;
		};
		10502CE02A49669C009DA9E7 /* Build configuration list for PBXNativeTarget "GFG_ChallengeTests" */ = {
			isa = XCConfigurationList;
			buildConfigurations = (
				10502CE12A49669C009DA9E7 /* Debug */,
				10502CE22A49669C009DA9E7 /* Release */,
			);
			defaultConfigurationIsVisible = 0;
			defaultConfigurationName = Release;
		};
		10502CE32A49669C009DA9E7 /* Build configuration list for PBXNativeTarget "GFG_ChallengeUITests" */ = {
			isa = XCConfigurationList;
			buildConfigurations = (
				10502CE42A49669C009DA9E7 /* Debug */,
				10502CE52A49669C009DA9E7 /* Release */,
			);
			defaultConfigurationIsVisible = 0;
			defaultConfigurationName = Release;
		};
/* End XCConfigurationList section */

/* Begin XCRemoteSwiftPackageReference section */
		10502D2D2A49CEE0009DA9E7 /* XCRemoteSwiftPackageReference "Kingfisher" */ = {
			isa = XCRemoteSwiftPackageReference;
			repositoryURL = "https://github.com/onevcat/Kingfisher.git";
			requirement = {
				kind = upToNextMajorVersion;
				minimumVersion = 7.0.0;
			};
		};
/* End XCRemoteSwiftPackageReference section */

/* Begin XCSwiftPackageProductDependency section */
		10502D2E2A49CEE0009DA9E7 /* Kingfisher */ = {
			isa = XCSwiftPackageProductDependency;
			package = 10502D2D2A49CEE0009DA9E7 /* XCRemoteSwiftPackageReference "Kingfisher" */;
			productName = Kingfisher;
		};
/* End XCSwiftPackageProductDependency section */
	};
	rootObject = 10502CB12A49669A009DA9E7 /* Project object */;
}
